
Microsoft Visual Studio Solution File, Format Version 12.00
# Visual Studio 2012
Project("{FAE04EC0-301F-11D3-BF4B-00C04F79EFBC}") = "Automation1", "Automation1\Automation1.csproj", "{6FADB12A-CB2B-4F77-A360-0A0CF927C4C4}"
EndProject
Global
	GlobalSection(SolutionConfigurationPlatforms) = preSolution
		Debug|x86 = Debug|x86
		Release|x86 = Release|x86
	EndGlobalSection
	GlobalSection(ProjectConfigurationPlatforms) = postSolution
		{6FADB12A-CB2B-4F77-A360-0A0CF927C4C4}.Debug|x86.ActiveCfg = Debug|x86
		{6FADB12A-CB2B-4F77-A360-0A0CF927C4C4}.Debug|x86.Build.0 = Debug|x86
		{6FADB12A-CB2B-4F77-A360-0A0CF927C4C4}.Release|x86.ActiveCfg = Release|x86
		{6FADB12A-CB2B-4F77-A360-0A0CF927C4C4}.Release|x86.Build.0 = Release|x86
	EndGlobalSection
EndGlobal
