
Microsoft Visual Studio Solution File, Format Version 12.00
# Visual Studio 2012
Project("{FAE04EC0-301F-11D3-BF4B-00C04F79EFBC}") = "WordpressAgain", "WordpressAgain\WordpressAgain.csproj", "{00493816-F5AF-4A78-B687-2B4ABB9E1C4F}"
EndProject
Project("{FAE04EC0-301F-11D3-BF4B-00C04F79EFBC}") = "WordpressTest", "WordpressTest\WordpressTest.csproj", "{FAC6EA71-9790-4316-A4F9-5E232B167D71}"
EndProject
Global
	GlobalSection(SolutionConfigurationPlatforms) = preSolution
		Debug|Any CPU = Debug|Any CPU
		Release|Any CPU = Release|Any CPU
	EndGlobalSection
	GlobalSection(ProjectConfigurationPlatforms) = postSolution
		{00493816-F5AF-4A78-B687-2B4ABB9E1C4F}.Debug|Any CPU.ActiveCfg = Debug|Any CPU
		{00493816-F5AF-4A78-B687-2B4ABB9E1C4F}.Debug|Any CPU.Build.0 = Debug|Any CPU
		{00493816-F5AF-4A78-B687-2B4ABB9E1C4F}.Release|Any CPU.ActiveCfg = Release|Any CPU
		{00493816-F5AF-4A78-B687-2B4ABB9E1C4F}.Release|Any CPU.Build.0 = Release|Any CPU
		{FAC6EA71-9790-4316-A4F9-5E232B167D71}.Debug|Any CPU.ActiveCfg = Debug|Any CPU
		{FAC6EA71-9790-4316-A4F9-5E232B167D71}.Debug|Any CPU.Build.0 = Debug|Any CPU
		{FAC6EA71-9790-4316-A4F9-5E232B167D71}.Release|Any CPU.ActiveCfg = Release|Any CPU
		{FAC6EA71-9790-4316-A4F9-5E232B167D71}.Release|Any CPU.Build.0 = Release|Any CPU
	EndGlobalSection
EndGlobal
